// !$*UTF8*$!
{
	archiveVersion = 1;
	classes = {
	};
	objectVersion = 55;
	objects = {

/* Begin PBXBuildFile section */
		3B18ED9C288025570022CC68 /* GenreCell.swift in Sources */ = {isa = PBXBuildFile; fileRef = 3B18ED9B288025570022CC68 /* GenreCell.swift */; };
		3B18ED9F2880284B0022CC68 /* ViewController + CollectionView.swift in Sources */ = {isa = PBXBuildFile; fileRef = 3B18ED9E2880284B0022CC68 /* ViewController + CollectionView.swift */; };
		3B18EDA12880364D0022CC68 /* MovieCells.swift in Sources */ = {isa = PBXBuildFile; fileRef = 3B18EDA02880364D0022CC68 /* MovieCells.swift */; };
		3B18EDA528805B1D0022CC68 /* DetailsPageCell.swift in Sources */ = {isa = PBXBuildFile; fileRef = 3B18EDA428805B1D0022CC68 /* DetailsPageCell.swift */; };
		3B78C240287DBFA300D43DED /* CustomCell.swift in Sources */ = {isa = PBXBuildFile; fileRef = 3B78C23E287DBFA300D43DED /* CustomCell.swift */; };
		3B78C241287DBFA300D43DED /* CustomCell.xib in Resources */ = {isa = PBXBuildFile; fileRef = 3B78C23F287DBFA300D43DED /* CustomCell.xib */; };
		3BCE6FDB288064E500B82F93 /* detailsPageVC + CollectionView.swift in Sources */ = {isa = PBXBuildFile; fileRef = 3BCE6FDA288064E500B82F93 /* detailsPageVC + CollectionView.swift */; };
		3BD8E804287D3BCA00BB00D5 /* Models.swift in Sources */ = {isa = PBXBuildFile; fileRef = 3BD8E803287D3BCA00BB00D5 /* Models.swift */; };
		3BD8E806287D3EBA00BB00D5 /* MovieCell.swift in Sources */ = {isa = PBXBuildFile; fileRef = 3BD8E805287D3EBA00BB00D5 /* MovieCell.swift */; };
		3BD8E810287D7E5200BB00D5 /* Main.storyboard in Resources */ = {isa = PBXBuildFile; fileRef = 3BD8E80E287D7E5200BB00D5 /* Main.storyboard */; };
		3BD8E812287D7EFE00BB00D5 /* DetailsPageVC.swift in Sources */ = {isa = PBXBuildFile; fileRef = 3BD8E811287D7EFE00BB00D5 /* DetailsPageVC.swift */; };
		3BD8EB56287CCB5700F0D383 /* AppDelegate.swift in Sources */ = {isa = PBXBuildFile; fileRef = 3BD8EB55287CCB5700F0D383 /* AppDelegate.swift */; };
		3BD8EB58287CCB5700F0D383 /* SceneDelegate.swift in Sources */ = {isa = PBXBuildFile; fileRef = 3BD8EB57287CCB5700F0D383 /* SceneDelegate.swift */; };
		3BD8EB5A287CCB5700F0D383 /* ViewController.swift in Sources */ = {isa = PBXBuildFile; fileRef = 3BD8EB59287CCB5700F0D383 /* ViewController.swift */; };
		3BD8EB5F287CCB5E00F0D383 /* Assets.xcassets in Resources */ = {isa = PBXBuildFile; fileRef = 3BD8EB5E287CCB5E00F0D383 /* Assets.xcassets */; };
		3BD8EB62287CCB5E00F0D383 /* LaunchScreen.storyboard in Resources */ = {isa = PBXBuildFile; fileRef = 3BD8EB60287CCB5E00F0D383 /* LaunchScreen.storyboard */; };
/* End PBXBuildFile section */

/* Begin PBXFileReference section */
		3B18ED9B288025570022CC68 /* GenreCell.swift */ = {isa = PBXFileReference; lastKnownFileType = sourcecode.swift; path = GenreCell.swift; sourceTree = "<group>"; };
		3B18ED9E2880284B0022CC68 /* ViewController + CollectionView.swift */ = {isa = PBXFileReference; lastKnownFileType = sourcecode.swift; path = "ViewController + CollectionView.swift"; sourceTree = "<group>"; };
		3B18EDA02880364D0022CC68 /* MovieCells.swift */ = {isa = PBXFileReference; lastKnownFileType = sourcecode.swift; path = MovieCells.swift; sourceTree = "<group>"; };
		3B18EDA428805B1D0022CC68 /* DetailsPageCell.swift */ = {isa = PBXFileReference; lastKnownFileType = sourcecode.swift; path = DetailsPageCell.swift; sourceTree = "<group>"; };
		3B78C23E287DBFA300D43DED /* CustomCell.swift */ = {isa = PBXFileReference; lastKnownFileType = sourcecode.swift; path = CustomCell.swift; sourceTree = "<group>"; };
		3B78C23F287DBFA300D43DED /* CustomCell.xib */ = {isa = PBXFileReference; lastKnownFileType = file.xib; path = CustomCell.xib; sourceTree = "<group>"; };
		3BCE6FDA288064E500B82F93 /* detailsPageVC + CollectionView.swift */ = {isa = PBXFileReference; lastKnownFileType = sourcecode.swift; path = "detailsPageVC + CollectionView.swift"; sourceTree = "<group>"; };
		3BD8E803287D3BCA00BB00D5 /* Models.swift */ = {isa = PBXFileReference; lastKnownFileType = sourcecode.swift; path = Models.swift; sourceTree = "<group>"; };
		3BD8E805287D3EBA00BB00D5 /* MovieCell.swift */ = {isa = PBXFileReference; lastKnownFileType = sourcecode.swift; path = MovieCell.swift; sourceTree = "<group>"; };
		3BD8E80F287D7E5200BB00D5 /* Base */ = {isa = PBXFileReference; lastKnownFileType = file.storyboard; name = Base; path = Base.lproj/Main.storyboard; sourceTree = "<group>"; };
		3BD8E811287D7EFE00BB00D5 /* DetailsPageVC.swift */ = {isa = PBXFileReference; lastKnownFileType = sourcecode.swift; path = DetailsPageVC.swift; sourceTree = "<group>"; };
		3BD8EB52287CCB5700F0D383 /* Sandro Giorgishvili 15.app */ = {isa = PBXFileReference; explicitFileType = wrapper.application; includeInIndex = 0; path = "Sandro Giorgishvili 15.app"; sourceTree = BUILT_PRODUCTS_DIR; };
		3BD8EB55287CCB5700F0D383 /* AppDelegate.swift */ = {isa = PBXFileReference; lastKnownFileType = sourcecode.swift; path = AppDelegate.swift; sourceTree = "<group>"; };
		3BD8EB57287CCB5700F0D383 /* SceneDelegate.swift */ = {isa = PBXFileReference; lastKnownFileType = sourcecode.swift; path = SceneDelegate.swift; sourceTree = "<group>"; };
		3BD8EB59287CCB5700F0D383 /* ViewController.swift */ = {isa = PBXFileReference; lastKnownFileType = sourcecode.swift; path = ViewController.swift; sourceTree = "<group>"; };
		3BD8EB5E287CCB5E00F0D383 /* Assets.xcassets */ = {isa = PBXFileReference; lastKnownFileType = folder.assetcatalog; path = Assets.xcassets; sourceTree = "<group>"; };
		3BD8EB61287CCB5E00F0D383 /* Base */ = {isa = PBXFileReference; lastKnownFileType = file.storyboard; name = Base; path = Base.lproj/LaunchScreen.storyboard; sourceTree = "<group>"; };
		3BD8EB63287CCB5E00F0D383 /* Info.plist */ = {isa = PBXFileReference; lastKnownFileType = text.plist.xml; path = Info.plist; sourceTree = "<group>"; };
/* End PBXFileReference section */

/* Begin PBXFrameworksBuildPhase section */
		3BD8EB4F287CCB5700F0D383 /* Frameworks */ = {
			isa = PBXFrameworksBuildPhase;
			buildActionMask = 2147483647;
			files = (
			);
			runOnlyForDeploymentPostprocessing = 0;
		};
/* End PBXFrameworksBuildPhase section */

/* Begin PBXGroup section */
		3BCE6FDC2880A05E00B82F93 /* ViewControllers */ = {
			isa = PBXGroup;
			children = (
				3BD8E811287D7EFE00BB00D5 /* DetailsPageVC.swift */,
				3BD8EB59287CCB5700F0D383 /* ViewController.swift */,
			);
			path = ViewControllers;
			sourceTree = "<group>";
		};
		3BCE6FDD2880A09700B82F93 /* Cells */ = {
			isa = PBXGroup;
			children = (
				3B18EDA428805B1D0022CC68 /* DetailsPageCell.swift */,
				3BD8E805287D3EBA00BB00D5 /* MovieCell.swift */,
				3B18ED9B288025570022CC68 /* GenreCell.swift */,
			);
			name = Cells;
			sourceTree = "<group>";
		};
		3BCE6FDE2880A0AC00B82F93 /* CustomCell */ = {
			isa = PBXGroup;
			children = (
				3B78C23E287DBFA300D43DED /* CustomCell.swift */,
				3B78C23F287DBFA300D43DED /* CustomCell.xib */,
			);
			path = CustomCell;
			sourceTree = "<group>";
		};
		3BD8EB49287CCB5700F0D383 = {
			isa = PBXGroup;
			children = (
				3BD8EB54287CCB5700F0D383 /* Sandro Giorgishvili 15 */,
				3BD8EB53287CCB5700F0D383 /* Products */,
			);
			sourceTree = "<group>";
		};
		3BD8EB53287CCB5700F0D383 /* Products */ = {
			isa = PBXGroup;
			children = (
				3BD8EB52287CCB5700F0D383 /* Sandro Giorgishvili 15.app */,
			);
			name = Products;
			sourceTree = "<group>";
		};
		3BD8EB54287CCB5700F0D383 /* Sandro Giorgishvili 15 */ = {
			isa = PBXGroup;
			children = (
				3BD8EB55287CCB5700F0D383 /* AppDelegate.swift */,
				3BD8EB57287CCB5700F0D383 /* SceneDelegate.swift */,
				3BCE6FDC2880A05E00B82F93 /* ViewControllers */,
				3BD8E803287D3BCA00BB00D5 /* Models.swift */,
				3BCE6FDD2880A09700B82F93 /* Cells */,
				3BD8E80E287D7E5200BB00D5 /* Main.storyboard */,
				3BD8EB5E287CCB5E00F0D383 /* Assets.xcassets */,
				3BD8EB60287CCB5E00F0D383 /* LaunchScreen.storyboard */,
				3BD8EB63287CCB5E00F0D383 /* Info.plist */,
				3BCE6FDE2880A0AC00B82F93 /* CustomCell */,
				3B18ED9E2880284B0022CC68 /* ViewController + CollectionView.swift */,
				3B18EDA02880364D0022CC68 /* MovieCells.swift */,
				3BCE6FDA288064E500B82F93 /* detailsPageVC + CollectionView.swift */,
			);
			path = "Sandro Giorgishvili 15";
			sourceTree = "<group>";
		};
/* End PBXGroup section */

/* Begin PBXNativeTarget section */
		3BD8EB51287CCB5700F0D383 /* Sandro Giorgishvili 15 */ = {
			isa = PBXNativeTarget;
			buildConfigurationList = 3BD8EB66287CCB5E00F0D383 /* Build configuration list for PBXNativeTarget "Sandro Giorgishvili 15" */;
			buildPhases = (
				3BD8EB4E287CCB5700F0D383 /* Sources */,
				3BD8EB4F287CCB5700F0D383 /* Frameworks */,
				3BD8EB50287CCB5700F0D383 /* Resources */,
			);
			buildRules = (
			);
			dependencies = (
			);
			name = "Sandro Giorgishvili 15";
			productName = "Sandro Giorgishvili 15";
			productReference = 3BD8EB52287CCB5700F0D383 /* Sandro Giorgishvili 15.app */;
			productType = "com.apple.product-type.application";
		};
/* End PBXNativeTarget section */

/* Begin PBXProject section */
		3BD8EB4A287CCB5700F0D383 /* Project object */ = {
			isa = PBXProject;
			attributes = {
				BuildIndependentTargetsInParallel = 1;
				LastSwiftUpdateCheck = 1340;
				LastUpgradeCheck = 1340;
				TargetAttributes = {
					3BD8EB51287CCB5700F0D383 = {
						CreatedOnToolsVersion = 13.4.1;
					};
				};
			};
			buildConfigurationList = 3BD8EB4D287CCB5700F0D383 /* Build configuration list for PBXProject "Sandro Giorgishvili 15" */;
			compatibilityVersion = "Xcode 13.0";
			developmentRegion = en;
			hasScannedForEncodings = 0;
			knownRegions = (
				en,
				Base,
			);
			mainGroup = 3BD8EB49287CCB5700F0D383;
			productRefGroup = 3BD8EB53287CCB5700F0D383 /* Products */;
			projectDirPath = "";
			projectRoot = "";
			targets = (
				3BD8EB51287CCB5700F0D383 /* Sandro Giorgishvili 15 */,
			);
		};
/* End PBXProject section */

/* Begin PBXResourcesBuildPhase section */
		3BD8EB50287CCB5700F0D383 /* Resources */ = {
			isa = PBXResourcesBuildPhase;
			buildActionMask = 2147483647;
			files = (
				3BD8E810287D7E5200BB00D5 /* Main.storyboard in Resources */,
				3BD8EB62287CCB5E00F0D383 /* LaunchScreen.storyboard in Resources */,
				3B78C241287DBFA300D43DED /* CustomCell.xib in Resources */,
				3BD8EB5F287CCB5E00F0D383 /* Assets.xcassets in Resources */,
			);
			runOnlyForDeploymentPostprocessing = 0;
		};
/* End PBXResourcesBuildPhase section */

/* Begin PBXSourcesBuildPhase section */
		3BD8EB4E287CCB5700F0D383 /* Sources */ = {
			isa = PBXSourcesBuildPhase;
			buildActionMask = 2147483647;
			files = (
				3BD8E812287D7EFE00BB00D5 /* DetailsPageVC.swift in Sources */,
				3B18EDA528805B1D0022CC68 /* DetailsPageCell.swift in Sources */,
				3BD8EB5A287CCB5700F0D383 /* ViewController.swift in Sources */,
				3B18EDA12880364D0022CC68 /* MovieCells.swift in Sources */,
				3B18ED9F2880284B0022CC68 /* ViewController + CollectionView.swift in Sources */,
				3BCE6FDB288064E500B82F93 /* detailsPageVC + CollectionView.swift in Sources */,
				3BD8EB56287CCB5700F0D383 /* AppDelegate.swift in Sources */,
				3B18ED9C288025570022CC68 /* GenreCell.swift in Sources */,
				3BD8EB58287CCB5700F0D383 /* SceneDelegate.swift in Sources */,
				3BD8E806287D3EBA00BB00D5 /* MovieCell.swift in Sources */,
				3B78C240287DBFA300D43DED /* CustomCell.swift in Sources */,
				3BD8E804287D3BCA00BB00D5 /* Models.swift in Sources */,
			);
			runOnlyForDeploymentPostprocessing = 0;
		};
/* End PBXSourcesBuildPhase section */

/* Begin PBXVariantGroup section */
		3BD8E80E287D7E5200BB00D5 /* Main.storyboard */ = {
			isa = PBXVariantGroup;
			children = (
				3BD8E80F287D7E5200BB00D5 /* Base */,
			);
			name = Main.storyboard;
			sourceTree = "<group>";
		};
		3BD8EB60287CCB5E00F0D383 /* LaunchScreen.storyboard */ = {
			isa = PBXVariantGroup;
			children = (
				3BD8EB61287CCB5E00F0D383 /* Base */,
			);
			name = LaunchScreen.storyboard;
			sourceTree = "<group>";
		};
/* End PBXVariantGroup section */

/* Begin XCBuildConfiguration section */
		3BD8EB64287CCB5E00F0D383 /* Debug */ = {
			isa = XCBuildConfiguration;
			buildSettings = {
				ALWAYS_SEARCH_USER_PATHS = NO;
				CLANG_ANALYZER_NONNULL = YES;
				CLANG_ANALYZER_NUMBER_OBJECT_CONVERSION = YES_AGGRESSIVE;
				CLANG_CXX_LANGUAGE_STANDARD = "gnu++17";
				CLANG_ENABLE_MODULES = YES;
				CLANG_ENABLE_OBJC_ARC = YES;
				CLANG_ENABLE_OBJC_WEAK = YES;
				CLANG_WARN_BLOCK_CAPTURE_AUTORELEASING = YES;
				CLANG_WARN_BOOL_CONVERSION = YES;
				CLANG_WARN_COMMA = YES;
				CLANG_WARN_CONSTANT_CONVERSION = YES;
				CLANG_WARN_DEPRECATED_OBJC_IMPLEMENTATIONS = YES;
				CLANG_WARN_DIRECT_OBJC_ISA_USAGE = YES_ERROR;
				CLANG_WARN_DOCUMENTATION_COMMENTS = YES;
				CLANG_WARN_EMPTY_BODY = YES;
				CLANG_WARN_ENUM_CONVERSION = YES;
				CLANG_WARN_INFINITE_RECURSION = YES;
				CLANG_WARN_INT_CONVERSION = YES;
				CLANG_WARN_NON_LITERAL_NULL_CONVERSION = YES;
				CLANG_WARN_OBJC_IMPLICIT_RETAIN_SELF = YES;
				CLANG_WARN_OBJC_LITERAL_CONVERSION = YES;
				CLANG_WARN_OBJC_ROOT_CLASS = YES_ERROR;
				CLANG_WARN_QUOTED_INCLUDE_IN_FRAMEWORK_HEADER = YES;
				CLANG_WARN_RANGE_LOOP_ANALYSIS = YES;
				CLANG_WARN_STRICT_PROTOTYPES = YES;
				CLANG_WARN_SUSPICIOUS_MOVE = YES;
				CLANG_WARN_UNGUARDED_AVAILABILITY = YES_AGGRESSIVE;
				CLANG_WARN_UNREACHABLE_CODE = YES;
				CLANG_WARN__DUPLICATE_METHOD_MATCH = YES;
				COPY_PHASE_STRIP = NO;
				DEBUG_INFORMATION_FORMAT = dwarf;
				ENABLE_STRICT_OBJC_MSGSEND = YES;
				ENABLE_TESTABILITY = YES;
				GCC_C_LANGUAGE_STANDARD = gnu11;
				GCC_DYNAMIC_NO_PIC = NO;
				GCC_NO_COMMON_BLOCKS = YES;
				GCC_OPTIMIZATION_LEVEL = 0;
				GCC_PREPROCESSOR_DEFINITIONS = (
					"DEBUG=1",
					"$(inherited)",
				);
				GCC_WARN_64_TO_32_BIT_CONVERSION = YES;
				GCC_WARN_ABOUT_RETURN_TYPE = YES_ERROR;
				GCC_WARN_UNDECLARED_SELECTOR = YES;
				GCC_WARN_UNINITIALIZED_AUTOS = YES_AGGRESSIVE;
				GCC_WARN_UNUSED_FUNCTION = YES;
				GCC_WARN_UNUSED_VARIABLE = YES;
				IPHONEOS_DEPLOYMENT_TARGET = 15.5;
				MTL_ENABLE_DEBUG_INFO = INCLUDE_SOURCE;
				MTL_FAST_MATH = YES;
				ONLY_ACTIVE_ARCH = YES;
				SDKROOT = iphoneos;
				SWIFT_ACTIVE_COMPILATION_CONDITIONS = DEBUG;
				SWIFT_OPTIMIZATION_LEVEL = "-Onone";
			};
			name = Debug;
		};
		3BD8EB65287CCB5E00F0D383 /* Release */ = {
			isa = XCBuildConfiguration;
			buildSettings = {
				ALWAYS_SEARCH_USER_PATHS = NO;
				CLANG_ANALYZER_NONNULL = YES;
				CLANG_ANALYZER_NUMBER_OBJECT_CONVERSION = YES_AGGRESSIVE;
				CLANG_CXX_LANGUAGE_STANDARD = "gnu++17";
				CLANG_ENABLE_MODULES = YES;
				CLANG_ENABLE_OBJC_ARC = YES;
				CLANG_ENABLE_OBJC_WEAK = YES;
				CLANG_WARN_BLOCK_CAPTURE_AUTORELEASING = YES;
				CLANG_WARN_BOOL_CONVERSION = YES;
				CLANG_WARN_COMMA = YES;
				CLANG_WARN_CONSTANT_CONVERSION = YES;
				CLANG_WARN_DEPRECATED_OBJC_IMPLEMENTATIONS = YES;
				CLANG_WARN_DIRECT_OBJC_ISA_USAGE = YES_ERROR;
				CLANG_WARN_DOCUMENTATION_COMMENTS = YES;
				CLANG_WARN_EMPTY_BODY = YES;
				CLANG_WARN_ENUM_CONVERSION = YES;
				CLANG_WARN_INFINITE_RECURSION = YES;
				CLANG_WARN_INT_CONVERSION = YES;
				CLANG_WARN_NON_LITERAL_NULL_CONVERSION = YES;
				CLANG_WARN_OBJC_IMPLICIT_RETAIN_SELF = YES;
				CLANG_WARN_OBJC_LITERAL_CONVERSION = YES;
				CLANG_WARN_OBJC_ROOT_CLASS = YES_ERROR;
				CLANG_WARN_QUOTED_INCLUDE_IN_FRAMEWORK_HEADER = YES;
				CLANG_WARN_RANGE_LOOP_ANALYSIS = YES;
				CLANG_WARN_STRICT_PROTOTYPES = YES;
				CLANG_WARN_SUSPICIOUS_MOVE = YES;
				CLANG_WARN_UNGUARDED_AVAILABILITY = YES_AGGRESSIVE;
				CLANG_WARN_UNREACHABLE_CODE = YES;
				CLANG_WARN__DUPLICATE_METHOD_MATCH = YES;
				COPY_PHASE_STRIP = NO;
				DEBUG_INFORMATION_FORMAT = "dwarf-with-dsym";
				ENABLE_NS_ASSERTIONS = NO;
				ENABLE_STRICT_OBJC_MSGSEND = YES;
				GCC_C_LANGUAGE_STANDARD = gnu11;
				GCC_NO_COMMON_BLOCKS = YES;
				GCC_WARN_64_TO_32_BIT_CONVERSION = YES;
				GCC_WARN_ABOUT_RETURN_TYPE = YES_ERROR;
				GCC_WARN_UNDECLARED_SELECTOR = YES;
				GCC_WARN_UNINITIALIZED_AUTOS = YES_AGGRESSIVE;
				GCC_WARN_UNUSED_FUNCTION = YES;
				GCC_WARN_UNUSED_VARIABLE = YES;
				IPHONEOS_DEPLOYMENT_TARGET = 15.5;
				MTL_ENABLE_DEBUG_INFO = NO;
				MTL_FAST_MATH = YES;
				SDKROOT = iphoneos;
				SWIFT_COMPILATION_MODE = wholemodule;
				SWIFT_OPTIMIZATION_LEVEL = "-O";
				VALIDATE_PRODUCT = YES;
			};
			name = Release;
		};
		3BD8EB67287CCB5E00F0D383 /* Debug */ = {
			isa = XCBuildConfiguration;
			buildSettings = {
				ASSETCATALOG_COMPILER_APPICON_NAME = AppIcon;
				ASSETCATALOG_COMPILER_GLOBAL_ACCENT_COLOR_NAME = AccentColor;
				CODE_SIGN_STYLE = Automatic;
				CURRENT_PROJECT_VERSION = 1;
				GENERATE_INFOPLIST_FILE = YES;
				INFOPLIST_FILE = "Sandro Giorgishvili 15/Info.plist";
				INFOPLIST_KEY_UIApplicationSupportsIndirectInputEvents = YES;
				INFOPLIST_KEY_UILaunchStoryboardName = LaunchScreen;
				INFOPLIST_KEY_UIMainStoryboardFile = Main;
				INFOPLIST_KEY_UISupportedInterfaceOrientations_iPad = "UIInterfaceOrientationPortrait UIInterfaceOrientationPortraitUpsideDown UIInterfaceOrientationLandscapeLeft UIInterfaceOrientationLandscapeRight";
				INFOPLIST_KEY_UISupportedInterfaceOrientations_iPhone = "UIInterfaceOrientationPortrait UIInterfaceOrientationLandscapeLeft UIInterfaceOrientationLandscapeRight";
				LD_RUNPATH_SEARCH_PATHS = (
					"$(inherited)",
					"@executable_path/Frameworks",
				);
				MARKETING_VERSION = 1.0;
				PRODUCT_BUNDLE_IDENTIFIER = "com.TBCLectures.Sandro-Giorgishvili-15";
				PRODUCT_NAME = "$(TARGET_NAME)";
				SWIFT_EMIT_LOC_STRINGS = YES;
				SWIFT_VERSION = 5.0;
				TARGETED_DEVICE_FAMILY = "1,2";
			};
			name = Debug;
		};
		3BD8EB68287CCB5E00F0D383 /* Release */ = {
			isa = XCBuildConfiguration;
			buildSettings = {
				ASSETCATALOG_COMPILER_APPICON_NAME = AppIcon;
				ASSETCATALOG_COMPILER_GLOBAL_ACCENT_COLOR_NAME = AccentColor;
				CODE_SIGN_STYLE = Automatic;
				CURRENT_PROJECT_VERSION = 1;
				GENERATE_INFOPLIST_FILE = YES;
				INFOPLIST_FILE = "Sandro Giorgishvili 15/Info.plist";
				INFOPLIST_KEY_UIApplicationSupportsIndirectInputEvents = YES;
				INFOPLIST_KEY_UILaunchStoryboardName = LaunchScreen;
				INFOPLIST_KEY_UIMainStoryboardFile = Main;
				INFOPLIST_KEY_UISupportedInterfaceOrientations_iPad = "UIInterfaceOrientationPortrait UIInterfaceOrientationPortraitUpsideDown UIInterfaceOrientationLandscapeLeft UIInterfaceOrientationLandscapeRight";
				INFOPLIST_KEY_UISupportedInterfaceOrientations_iPhone = "UIInterfaceOrientationPortrait UIInterfaceOrientationLandscapeLeft UIInterfaceOrientationLandscapeRight";
				LD_RUNPATH_SEARCH_PATHS = (
					"$(inherited)",
					"@executable_path/Frameworks",
				);
				MARKETING_VERSION = 1.0;
				PRODUCT_BUNDLE_IDENTIFIER = "com.TBCLectures.Sandro-Giorgishvili-15";
				PRODUCT_NAME = "$(TARGET_NAME)";
				SWIFT_EMIT_LOC_STRINGS = YES;
				SWIFT_VERSION = 5.0;
				TARGETED_DEVICE_FAMILY = "1,2";
			};
			name = Release;
		};
/* End XCBuildConfiguration section */

/* Begin XCConfigurationList section */
		3BD8EB4D287CCB5700F0D383 /* Build configuration list for PBXProject "Sandro Giorgishvili 15" */ = {
			isa = XCConfigurationList;
			buildConfigurations = (
				3BD8EB64287CCB5E00F0D383 /* Debug */,
				3BD8EB65287CCB5E00F0D383 /* Release */,
			);
			defaultConfigurationIsVisible = 0;
			defaultConfigurationName = Release;
		};
		3BD8EB66287CCB5E00F0D383 /* Build configuration list for PBXNativeTarget "Sandro Giorgishvili 15" */ = {
			isa = XCConfigurationList;
			buildConfigurations = (
				3BD8EB67287CCB5E00F0D383 /* Debug */,
				3BD8EB68287CCB5E00F0D383 /* Release */,
			);
			defaultConfigurationIsVisible = 0;
			defaultConfigurationName = Release;
		};
/* End XCConfigurationList section */
	};
	rootObject = 3BD8EB4A287CCB5700F0D383 /* Project object */;
}
